
Microsoft Visual Studio Solution File, Format Version 12.00
# Visual Studio 14
VisualStudioVersion = 14.0.23107.0
MinimumVisualStudioVersion = 10.0.40219.1
Project("{FAE04EC0-301F-11D3-BF4B-00C04F79EFBC}") = "RMQ.Producer", "Source\RMQ.Producer\RMQ.Producer.csproj", "{E31C9F82-28B8-449C-B28F-1EB07BB0A209}"
EndProject
Project("{FAE04EC0-301F-11D3-BF4B-00C04F79EFBC}") = "RMQ.Consumer", "Source\RMQ.Consumer\RMQ.Consumer.csproj", "{52A7AC78-74B8-40EE-A868-1AA51CB5F1FE}"
EndProject
Project("{FAE04EC0-301F-11D3-BF4B-00C04F79EFBC}") = "RMQ.Core", "Source\RMQ.Core\RMQ.Core.csproj", "{82F2BE6A-6B2B-4626-8C06-01DE7E295C42}"
EndProject
Project("{FAE04EC0-301F-11D3-BF4B-00C04F79EFBC}") = "RMQ.Service", "Source\RMQ.Service\RMQ.Service.csproj", "{11E74FC4-93BA-4FD9-BAC2-04B46AF8E350}"
EndProject
Project("{FAE04EC0-301F-11D3-BF4B-00C04F79EFBC}") = "RMQ.Contract", "Source\RMQ.Contract\RMQ.Contract.csproj", "{561C8C87-24E0-4DB5-BAF7-AD08AF474E09}"
EndProject
Project("{FAE04EC0-301F-11D3-BF4B-00C04F79EFBC}") = "RMQ.Client", "Source\RMQ.Client\RMQ.Client.csproj", "{CFC71B77-87DA-4AA5-AC2A-DC27AA9590F6}"
EndProject
Project("{FAE04EC0-301F-11D3-BF4B-00C04F79EFBC}") = "RMQ.Tests", "Source\RMQ.Tests\RMQ.Tests.csproj", "{7551C72D-EFB8-48F2-87DD-EB385807BFDB}"
EndProject
Global
	GlobalSection(SolutionConfigurationPlatforms) = preSolution
		Debug|Any CPU = Debug|Any CPU
		Release|Any CPU = Release|Any CPU
	EndGlobalSection
	GlobalSection(ProjectConfigurationPlatforms) = postSolution
		{E31C9F82-28B8-449C-B28F-1EB07BB0A209}.Debug|Any CPU.ActiveCfg = Debug|Any CPU
		{E31C9F82-28B8-449C-B28F-1EB07BB0A209}.Debug|Any CPU.Build.0 = Debug|Any CPU
		{E31C9F82-28B8-449C-B28F-1EB07BB0A209}.Release|Any CPU.ActiveCfg = Release|Any CPU
		{E31C9F82-28B8-449C-B28F-1EB07BB0A209}.Release|Any CPU.Build.0 = Release|Any CPU
		{52A7AC78-74B8-40EE-A868-1AA51CB5F1FE}.Debug|Any CPU.ActiveCfg = Debug|Any CPU
		{52A7AC78-74B8-40EE-A868-1AA51CB5F1FE}.Debug|Any CPU.Build.0 = Debug|Any CPU
		{52A7AC78-74B8-40EE-A868-1AA51CB5F1FE}.Release|Any CPU.ActiveCfg = Release|Any CPU
		{52A7AC78-74B8-40EE-A868-1AA51CB5F1FE}.Release|Any CPU.Build.0 = Release|Any CPU
		{82F2BE6A-6B2B-4626-8C06-01DE7E295C42}.Debug|Any CPU.ActiveCfg = Debug|Any CPU
		{82F2BE6A-6B2B-4626-8C06-01DE7E295C42}.Debug|Any CPU.Build.0 = Debug|Any CPU
		{82F2BE6A-6B2B-4626-8C06-01DE7E295C42}.Release|Any CPU.ActiveCfg = Release|Any CPU
		{82F2BE6A-6B2B-4626-8C06-01DE7E295C42}.Release|Any CPU.Build.0 = Release|Any CPU
		{11E74FC4-93BA-4FD9-BAC2-04B46AF8E350}.Debug|Any CPU.ActiveCfg = Debug|Any CPU
		{11E74FC4-93BA-4FD9-BAC2-04B46AF8E350}.Debug|Any CPU.Build.0 = Debug|Any CPU
		{11E74FC4-93BA-4FD9-BAC2-04B46AF8E350}.Release|Any CPU.ActiveCfg = Release|Any CPU
		{11E74FC4-93BA-4FD9-BAC2-04B46AF8E350}.Release|Any CPU.Build.0 = Release|Any CPU
		{561C8C87-24E0-4DB5-BAF7-AD08AF474E09}.Debug|Any CPU.ActiveCfg = Debug|Any CPU
		{561C8C87-24E0-4DB5-BAF7-AD08AF474E09}.Debug|Any CPU.Build.0 = Debug|Any CPU
		{561C8C87-24E0-4DB5-BAF7-AD08AF474E09}.Release|Any CPU.ActiveCfg = Release|Any CPU
		{561C8C87-24E0-4DB5-BAF7-AD08AF474E09}.Release|Any CPU.Build.0 = Release|Any CPU
		{CFC71B77-87DA-4AA5-AC2A-DC27AA9590F6}.Debug|Any CPU.ActiveCfg = Debug|Any CPU
		{CFC71B77-87DA-4AA5-AC2A-DC27AA9590F6}.Debug|Any CPU.Build.0 = Debug|Any CPU
		{CFC71B77-87DA-4AA5-AC2A-DC27AA9590F6}.Release|Any CPU.ActiveCfg = Release|Any CPU
		{CFC71B77-87DA-4AA5-AC2A-DC27AA9590F6}.Release|Any CPU.Build.0 = Release|Any CPU
		{7551C72D-EFB8-48F2-87DD-EB385807BFDB}.Debug|Any CPU.ActiveCfg = Debug|Any CPU
		{7551C72D-EFB8-48F2-87DD-EB385807BFDB}.Debug|Any CPU.Build.0 = Debug|Any CPU
		{7551C72D-EFB8-48F2-87DD-EB385807BFDB}.Release|Any CPU.ActiveCfg = Release|Any CPU
		{7551C72D-EFB8-48F2-87DD-EB385807BFDB}.Release|Any CPU.Build.0 = Release|Any CPU
	EndGlobalSection
	GlobalSection(SolutionProperties) = preSolution
		HideSolutionNode = FALSE
	EndGlobalSection
EndGlobal
